DEPENDENCIES
  load-balancer
    path: .
    metadata: true

GRAPH
  build-essential (8.1.1)
    mingw (>= 1.1)
    seven_zip (>= 0.0.0)
  load-balancer (0.1.0)
    nginx (~> 8.1.2)
  mingw (2.0.2)
    seven_zip (>= 0.0.0)
  nginx (8.1.2)
    build-essential (>= 0.0.0)
    ohai (>= 4.1.0)
    yum-epel (>= 0.0.0)
    zypper (>= 0.0.0)
  ohai (5.2.2)
  seven_zip (2.0.2)
    windows (>= 1.2.2)
  windows (4.2.1)
  yum-epel (3.1.0)
  zypper (0.4.0)
